Microsoft Visual Studio Solution File, Format Version 12.00
# Visual Studio Version 17
VisualStudioVersion = 17.5.2.0
MinimumVisualStudioVersion = 10.0.40219.1
Project("{FAE04EC0-301F-11D3-BF4B-00C04F79EFBC}") = "PrimeirProjeto", "PrimeirProjeto.csproj", "{3B85A110-50B9-B97E-7DE6-47786CA3574C}"
EndProject
Global
	GlobalSection(SolutionConfigurationPlatforms) = preSolution
		Debug|Any CPU = Debug|Any CPU
		Release|Any CPU = Release|Any CPU
	EndGlobalSection
	GlobalSection(ProjectConfigurationPlatforms) = postSolution
		{3B85A110-50B9-B97E-7DE6-47786CA3574C}.Debug|Any CPU.ActiveCfg = Debug|Any CPU
		{3B85A110-50B9-B97E-7DE6-47786CA3574C}.Debug|Any CPU.Build.0 = Debug|Any CPU
		{3B85A110-50B9-B97E-7DE6-47786CA3574C}.Release|Any CPU.ActiveCfg = Release|Any CPU
		{3B85A110-50B9-B97E-7DE6-47786CA3574C}.Release|Any CPU.Build.0 = Release|Any CPU
	EndGlobalSection
	GlobalSection(SolutionProperties) = preSolution
		HideSolutionNode = FALSE
	EndGlobalSection
	GlobalSection(ExtensibilityGlobals) = postSolution
		SolutionGuid = {76F03CF8-C2D1-4A0E-9A09-F4C9A5682D0B}
	EndGlobalSection
EndGlobal
